// !$*UTF8*$!
{
	archiveVersion = 1;
	classes = {
	};
	objectVersion = 56;
	objects = {

/* Begin PBXBuildFile section */
		809244962A69228B004AEEE5 /* Fonts.swift in Sources */ = {isa = PBXBuildFile; fileRef = 809244942A69228B004AEEE5 /* Fonts.swift */; };
		809244972A69228B004AEEE5 /* Colors.swift in Sources */ = {isa = PBXBuildFile; fileRef = 809244952A69228B004AEEE5 /* Colors.swift */; };
		8092449F2A6922A4004AEEE5 /* HomeViewModel.swift in Sources */ = {isa = PBXBuildFile; fileRef = 809244992A6922A4004AEEE5 /* HomeViewModel.swift */; };
		809244A02A6922A4004AEEE5 /* MockTrainModel.swift in Sources */ = {isa = PBXBuildFile; fileRef = 8092449B2A6922A4004AEEE5 /* MockTrainModel.swift */; };
		809244A12A6922A4004AEEE5 /* SideBarView.swift in Sources */ = {isa = PBXBuildFile; fileRef = 8092449D2A6922A4004AEEE5 /* SideBarView.swift */; };
		809244A22A6922A4004AEEE5 /* TrainDetailView.swift in Sources */ = {isa = PBXBuildFile; fileRef = 8092449E2A6922A4004AEEE5 /* TrainDetailView.swift */; };
		832905382A5FF0B300D3413C /* Dashboard_People_CounterApp.swift in Sources */ = {isa = PBXBuildFile; fileRef = 832905372A5FF0B300D3413C /* Dashboard_People_CounterApp.swift */; };
		8329053A2A5FF0B300D3413C /* ContentView.swift in Sources */ = {isa = PBXBuildFile; fileRef = 832905392A5FF0B300D3413C /* ContentView.swift */; };
		8329053C2A5FF0B500D3413C /* Assets.xcassets in Resources */ = {isa = PBXBuildFile; fileRef = 8329053B2A5FF0B500D3413C /* Assets.xcassets */; };
		8329053F2A5FF0B500D3413C /* Preview Assets.xcassets in Resources */ = {isa = PBXBuildFile; fileRef = 8329053E2A5FF0B500D3413C /* Preview Assets.xcassets */; };
		832905472A5FF14000D3413C /* GoogleService-Info.plist in Resources */ = {isa = PBXBuildFile; fileRef = 832905462A5FF14000D3413C /* GoogleService-Info.plist */; };
		8329054A2A5FF19C00D3413C /* FirebaseDatabase in Frameworks */ = {isa = PBXBuildFile; productRef = 832905492A5FF19C00D3413C /* FirebaseDatabase */; };
		8329054C2A5FF19C00D3413C /* FirebaseDatabaseSwift in Frameworks */ = {isa = PBXBuildFile; productRef = 8329054B2A5FF19C00D3413C /* FirebaseDatabaseSwift */; };
		8329054E2A5FF1B900D3413C /* FirebaseConnection.swift in Sources */ = {isa = PBXBuildFile; fileRef = 8329054D2A5FF1B900D3413C /* FirebaseConnection.swift */; };
		832905512A60005B00D3413C /* CountDataModel.swift in Sources */ = {isa = PBXBuildFile; fileRef = 832905502A60005B00D3413C /* CountDataModel.swift */; };
/* End PBXBuildFile section */

/* Begin PBXFileReference section */
		809244942A69228B004AEEE5 /* Fonts.swift */ = {isa = PBXFileReference; fileEncoding = 4; lastKnownFileType = sourcecode.swift; path = Fonts.swift; sourceTree = "<group>"; };
		809244952A69228B004AEEE5 /* Colors.swift */ = {isa = PBXFileReference; fileEncoding = 4; lastKnownFileType = sourcecode.swift; path = Colors.swift; sourceTree = "<group>"; };
		809244992A6922A4004AEEE5 /* HomeViewModel.swift */ = {isa = PBXFileReference; fileEncoding = 4; lastKnownFileType = sourcecode.swift; path = HomeViewModel.swift; sourceTree = "<group>"; };
		8092449B2A6922A4004AEEE5 /* MockTrainModel.swift */ = {isa = PBXFileReference; fileEncoding = 4; lastKnownFileType = sourcecode.swift; path = MockTrainModel.swift; sourceTree = "<group>"; };
		8092449D2A6922A4004AEEE5 /* SideBarView.swift */ = {isa = PBXFileReference; fileEncoding = 4; lastKnownFileType = sourcecode.swift; path = SideBarView.swift; sourceTree = "<group>"; };
		8092449E2A6922A4004AEEE5 /* TrainDetailView.swift */ = {isa = PBXFileReference; fileEncoding = 4; lastKnownFileType = sourcecode.swift; path = TrainDetailView.swift; sourceTree = "<group>"; };
		832905342A5FF0B300D3413C /* Dashboard People Counter.app */ = {isa = PBXFileReference; explicitFileType = wrapper.application; includeInIndex = 0; path = "Dashboard People Counter.app"; sourceTree = BUILT_PRODUCTS_DIR; };
		832905372A5FF0B300D3413C /* Dashboard_People_CounterApp.swift */ = {isa = PBXFileReference; lastKnownFileType = sourcecode.swift; path = Dashboard_People_CounterApp.swift; sourceTree = "<group>"; };
		832905392A5FF0B300D3413C /* ContentView.swift */ = {isa = PBXFileReference; lastKnownFileType = sourcecode.swift; path = ContentView.swift; sourceTree = "<group>"; };
		8329053B2A5FF0B500D3413C /* Assets.xcassets */ = {isa = PBXFileReference; lastKnownFileType = folder.assetcatalog; path = Assets.xcassets; sourceTree = "<group>"; };
		8329053E2A5FF0B500D3413C /* Preview Assets.xcassets */ = {isa = PBXFileReference; lastKnownFileType = folder.assetcatalog; path = "Preview Assets.xcassets"; sourceTree = "<group>"; };
		832905402A5FF0B500D3413C /* Dashboard_People_Counter.entitlements */ = {isa = PBXFileReference; lastKnownFileType = text.plist.entitlements; path = Dashboard_People_Counter.entitlements; sourceTree = "<group>"; };
		832905462A5FF14000D3413C /* GoogleService-Info.plist */ = {isa = PBXFileReference; fileEncoding = 4; lastKnownFileType = text.plist.xml; path = "GoogleService-Info.plist"; sourceTree = "<group>"; };
		8329054D2A5FF1B900D3413C /* FirebaseConnection.swift */ = {isa = PBXFileReference; lastKnownFileType = sourcecode.swift; path = FirebaseConnection.swift; sourceTree = "<group>"; };
		832905502A60005B00D3413C /* CountDataModel.swift */ = {isa = PBXFileReference; lastKnownFileType = sourcecode.swift; path = CountDataModel.swift; sourceTree = "<group>"; };
/* End PBXFileReference section */

/* Begin PBXFrameworksBuildPhase section */
		832905312A5FF0B300D3413C /* Frameworks */ = {
			isa = PBXFrameworksBuildPhase;
			buildActionMask = 2147483647;
			files = (
				8329054C2A5FF19C00D3413C /* FirebaseDatabaseSwift in Frameworks */,
				8329054A2A5FF19C00D3413C /* FirebaseDatabase in Frameworks */,
			);
			runOnlyForDeploymentPostprocessing = 0;
		};
/* End PBXFrameworksBuildPhase section */

/* Begin PBXGroup section */
		809244932A69228B004AEEE5 /* Themes */ = {
			isa = PBXGroup;
			children = (
				809244942A69228B004AEEE5 /* Fonts.swift */,
				809244952A69228B004AEEE5 /* Colors.swift */,
			);
			path = Themes;
			sourceTree = "<group>";
		};
		809244982A6922A4004AEEE5 /* ViewModel */ = {
			isa = PBXGroup;
			children = (
				809244992A6922A4004AEEE5 /* HomeViewModel.swift */,
			);
			path = ViewModel;
			sourceTree = "<group>";
		};
		8092449A2A6922A4004AEEE5 /* Model */ = {
			isa = PBXGroup;
			children = (
				832905502A60005B00D3413C /* CountDataModel.swift */,
				8092449B2A6922A4004AEEE5 /* MockTrainModel.swift */,
			);
			path = Model;
			sourceTree = "<group>";
		};
		8092449C2A6922A4004AEEE5 /* View */ = {
			isa = PBXGroup;
			children = (
				8092449D2A6922A4004AEEE5 /* SideBarView.swift */,
				8092449E2A6922A4004AEEE5 /* TrainDetailView.swift */,
			);
			path = View;
			sourceTree = "<group>";
		};
		809244A32A6923AA004AEEE5 /* Application */ = {
			isa = PBXGroup;
			children = (
				832905372A5FF0B300D3413C /* Dashboard_People_CounterApp.swift */,
			);
			path = Application;
			sourceTree = "<group>";
		};
		809244A42A6923C4004AEEE5 /* Core */ = {
			isa = PBXGroup;
			children = (
				809244A62A692465004AEEE5 /* Utilities */,
				809244A52A6923EF004AEEE5 /* Resources */,
				809244932A69228B004AEEE5 /* Themes */,
			);
			path = Core;
			sourceTree = "<group>";
		};
		809244A52A6923EF004AEEE5 /* Resources */ = {
			isa = PBXGroup;
			children = (
				8329053B2A5FF0B500D3413C /* Assets.xcassets */,
			);
			path = Resources;
			sourceTree = "<group>";
		};
		809244A62A692465004AEEE5 /* Utilities */ = {
			isa = PBXGroup;
			children = (
				809244A72A692487004AEEE5 /* Firebase */,
			);
			path = Utilities;
			sourceTree = "<group>";
		};
		809244A72A692487004AEEE5 /* Firebase */ = {
			isa = PBXGroup;
			children = (
				8329054D2A5FF1B900D3413C /* FirebaseConnection.swift */,
			);
			path = Firebase;
			sourceTree = "<group>";
		};
		809244A82A6924AA004AEEE5 /* Features */ = {
			isa = PBXGroup;
			children = (
				809244A92A6924C1004AEEE5 /* Dashboard */,
			);
			path = Features;
			sourceTree = "<group>";
		};
		809244A92A6924C1004AEEE5 /* Dashboard */ = {
			isa = PBXGroup;
			children = (
				8092449A2A6922A4004AEEE5 /* Model */,
				809244982A6922A4004AEEE5 /* ViewModel */,
				8092449C2A6922A4004AEEE5 /* View */,
			);
			path = Dashboard;
			sourceTree = "<group>";
		};
		8329052B2A5FF0B300D3413C = {
			isa = PBXGroup;
			children = (
				832905362A5FF0B300D3413C /* Dashboard People Counter */,
				832905352A5FF0B300D3413C /* Products */,
			);
			sourceTree = "<group>";
		};
		832905352A5FF0B300D3413C /* Products */ = {
			isa = PBXGroup;
			children = (
				832905342A5FF0B300D3413C /* Dashboard People Counter.app */,
			);
			name = Products;
			sourceTree = "<group>";
		};
		832905362A5FF0B300D3413C /* Dashboard People Counter */ = {
			isa = PBXGroup;
			children = (
				832905402A5FF0B500D3413C /* Dashboard_People_Counter.entitlements */,
				809244A32A6923AA004AEEE5 /* Application */,
				809244A42A6923C4004AEEE5 /* Core */,
				809244A82A6924AA004AEEE5 /* Features */,
				832905392A5FF0B300D3413C /* ContentView.swift */,
				832905462A5FF14000D3413C /* GoogleService-Info.plist */,
				8329053D2A5FF0B500D3413C /* Preview Content */,
			);
			path = "Dashboard People Counter";
			sourceTree = "<group>";
		};
		8329053D2A5FF0B500D3413C /* Preview Content */ = {
			isa = PBXGroup;
			children = (
				8329053E2A5FF0B500D3413C /* Preview Assets.xcassets */,
			);
			path = "Preview Content";
			sourceTree = "<group>";
		};
/* End PBXGroup section */

/* Begin PBXNativeTarget section */
		832905332A5FF0B300D3413C /* Dashboard People Counter */ = {
			isa = PBXNativeTarget;
			buildConfigurationList = 832905432A5FF0B500D3413C /* Build configuration list for PBXNativeTarget "Dashboard People Counter" */;
			buildPhases = (
				832905302A5FF0B300D3413C /* Sources */,
				832905312A5FF0B300D3413C /* Frameworks */,
				832905322A5FF0B300D3413C /* Resources */,
			);
			buildRules = (
			);
			dependencies = (
			);
			name = "Dashboard People Counter";
			packageProductDependencies = (
				832905492A5FF19C00D3413C /* FirebaseDatabase */,
				8329054B2A5FF19C00D3413C /* FirebaseDatabaseSwift */,
			);
			productName = "Dashboard People Counter";
			productReference = 832905342A5FF0B300D3413C /* Dashboard People Counter.app */;
			productType = "com.apple.product-type.application";
		};
/* End PBXNativeTarget section */

/* Begin PBXProject section */
		8329052C2A5FF0B300D3413C /* Project object */ = {
			isa = PBXProject;
			attributes = {
				BuildIndependentTargetsInParallel = 1;
				LastSwiftUpdateCheck = 1430;
				LastUpgradeCheck = 1430;
				TargetAttributes = {
					832905332A5FF0B300D3413C = {
						CreatedOnToolsVersion = 14.3;
					};
				};
			};
			buildConfigurationList = 8329052F2A5FF0B300D3413C /* Build configuration list for PBXProject "Dashboard People Counter" */;
			compatibilityVersion = "Xcode 14.0";
			developmentRegion = en;
			hasScannedForEncodings = 0;
			knownRegions = (
				en,
				Base,
			);
			mainGroup = 8329052B2A5FF0B300D3413C;
			packageReferences = (
				832905482A5FF19C00D3413C /* XCRemoteSwiftPackageReference "firebase-ios-sdk" */,
			);
			productRefGroup = 832905352A5FF0B300D3413C /* Products */;
			projectDirPath = "";
			projectRoot = "";
			targets = (
				832905332A5FF0B300D3413C /* Dashboard People Counter */,
			);
		};
/* End PBXProject section */

/* Begin PBXResourcesBuildPhase section */
		832905322A5FF0B300D3413C /* Resources */ = {
			isa = PBXResourcesBuildPhase;
			buildActionMask = 2147483647;
			files = (
				8329053F2A5FF0B500D3413C /* Preview Assets.xcassets in Resources */,
				832905472A5FF14000D3413C /* GoogleService-Info.plist in Resources */,
				8329053C2A5FF0B500D3413C /* Assets.xcassets in Resources */,
			);
			runOnlyForDeploymentPostprocessing = 0;
		};
/* End PBXResourcesBuildPhase section */

/* Begin PBXSourcesBuildPhase section */
		832905302A5FF0B300D3413C /* Sources */ = {
			isa = PBXSourcesBuildPhase;
			buildActionMask = 2147483647;
			files = (
				809244A22A6922A4004AEEE5 /* TrainDetailView.swift in Sources */,
				809244A02A6922A4004AEEE5 /* MockTrainModel.swift in Sources */,
				8329054E2A5FF1B900D3413C /* FirebaseConnection.swift in Sources */,
				809244972A69228B004AEEE5 /* Colors.swift in Sources */,
				809244A12A6922A4004AEEE5 /* SideBarView.swift in Sources */,
				8092449F2A6922A4004AEEE5 /* HomeViewModel.swift in Sources */,
				809244962A69228B004AEEE5 /* Fonts.swift in Sources */,
				8329053A2A5FF0B300D3413C /* ContentView.swift in Sources */,
				832905382A5FF0B300D3413C /* Dashboard_People_CounterApp.swift in Sources */,
				832905512A60005B00D3413C /* CountDataModel.swift in Sources */,
			);
			runOnlyForDeploymentPostprocessing = 0;
		};
/* End PBXSourcesBuildPhase section */

/* Begin XCBuildConfiguration section */
		832905412A5FF0B500D3413C /* Debug */ = {
			isa = XCBuildConfiguration;
			buildSettings = {
				ALWAYS_SEARCH_USER_PATHS = NO;
				CLANG_ANALYZER_NONNULL = YES;
				CLANG_ANALYZER_NUMBER_OBJECT_CONVERSION = YES_AGGRESSIVE;
				CLANG_CXX_LANGUAGE_STANDARD = "gnu++20";
				CLANG_ENABLE_MODULES = YES;
				CLANG_ENABLE_OBJC_ARC = YES;
				CLANG_ENABLE_OBJC_WEAK = YES;
				CLANG_WARN_BLOCK_CAPTURE_AUTORELEASING = YES;
				CLANG_WARN_BOOL_CONVERSION = YES;
				CLANG_WARN_COMMA = YES;
				CLANG_WARN_CONSTANT_CONVERSION = YES;
				CLANG_WARN_DEPRECATED_OBJC_IMPLEMENTATIONS = YES;
				CLANG_WARN_DIRECT_OBJC_ISA_USAGE = YES_ERROR;
				CLANG_WARN_DOCUMENTATION_COMMENTS = YES;
				CLANG_WARN_EMPTY_BODY = YES;
				CLANG_WARN_ENUM_CONVERSION = YES;
				CLANG_WARN_INFINITE_RECURSION = YES;
				CLANG_WARN_INT_CONVERSION = YES;
				CLANG_WARN_NON_LITERAL_NULL_CONVERSION = YES;
				CLANG_WARN_OBJC_IMPLICIT_RETAIN_SELF = YES;
				CLANG_WARN_OBJC_LITERAL_CONVERSION = YES;
				CLANG_WARN_OBJC_ROOT_CLASS = YES_ERROR;
				CLANG_WARN_QUOTED_INCLUDE_IN_FRAMEWORK_HEADER = YES;
				CLANG_WARN_RANGE_LOOP_ANALYSIS = YES;
				CLANG_WARN_STRICT_PROTOTYPES = YES;
				CLANG_WARN_SUSPICIOUS_MOVE = YES;
				CLANG_WARN_UNGUARDED_AVAILABILITY = YES_AGGRESSIVE;
				CLANG_WARN_UNREACHABLE_CODE = YES;
				CLANG_WARN__DUPLICATE_METHOD_MATCH = YES;
				COPY_PHASE_STRIP = NO;
				DEBUG_INFORMATION_FORMAT = dwarf;
				ENABLE_STRICT_OBJC_MSGSEND = YES;
				ENABLE_TESTABILITY = YES;
				GCC_C_LANGUAGE_STANDARD = gnu11;
				GCC_DYNAMIC_NO_PIC = NO;
				GCC_NO_COMMON_BLOCKS = YES;
				GCC_OPTIMIZATION_LEVEL = 0;
				GCC_PREPROCESSOR_DEFINITIONS = (
					"DEBUG=1",
					"$(inherited)",
				);
				GCC_WARN_64_TO_32_BIT_CONVERSION = YES;
				GCC_WARN_ABOUT_RETURN_TYPE = YES_ERROR;
				GCC_WARN_UNDECLARED_SELECTOR = YES;
				GCC_WARN_UNINITIALIZED_AUTOS = YES_AGGRESSIVE;
				GCC_WARN_UNUSED_FUNCTION = YES;
				GCC_WARN_UNUSED_VARIABLE = YES;
				MACOSX_DEPLOYMENT_TARGET = 13.3;
				MTL_ENABLE_DEBUG_INFO = INCLUDE_SOURCE;
				MTL_FAST_MATH = YES;
				ONLY_ACTIVE_ARCH = YES;
				SDKROOT = macosx;
				SWIFT_ACTIVE_COMPILATION_CONDITIONS = DEBUG;
				SWIFT_OPTIMIZATION_LEVEL = "-Onone";
			};
			name = Debug;
		};
		832905422A5FF0B500D3413C /* Release */ = {
			isa = XCBuildConfiguration;
			buildSettings = {
				ALWAYS_SEARCH_USER_PATHS = NO;
				CLANG_ANALYZER_NONNULL = YES;
				CLANG_ANALYZER_NUMBER_OBJECT_CONVERSION = YES_AGGRESSIVE;
				CLANG_CXX_LANGUAGE_STANDARD = "gnu++20";
				CLANG_ENABLE_MODULES = YES;
				CLANG_ENABLE_OBJC_ARC = YES;
				CLANG_ENABLE_OBJC_WEAK = YES;
				CLANG_WARN_BLOCK_CAPTURE_AUTORELEASING = YES;
				CLANG_WARN_BOOL_CONVERSION = YES;
				CLANG_WARN_COMMA = YES;
				CLANG_WARN_CONSTANT_CONVERSION = YES;
				CLANG_WARN_DEPRECATED_OBJC_IMPLEMENTATIONS = YES;
				CLANG_WARN_DIRECT_OBJC_ISA_USAGE = YES_ERROR;
				CLANG_WARN_DOCUMENTATION_COMMENTS = YES;
				CLANG_WARN_EMPTY_BODY = YES;
				CLANG_WARN_ENUM_CONVERSION = YES;
				CLANG_WARN_INFINITE_RECURSION = YES;
				CLANG_WARN_INT_CONVERSION = YES;
				CLANG_WARN_NON_LITERAL_NULL_CONVERSION = YES;
				CLANG_WARN_OBJC_IMPLICIT_RETAIN_SELF = YES;
				CLANG_WARN_OBJC_LITERAL_CONVERSION = YES;
				CLANG_WARN_OBJC_ROOT_CLASS = YES_ERROR;
				CLANG_WARN_QUOTED_INCLUDE_IN_FRAMEWORK_HEADER = YES;
				CLANG_WARN_RANGE_LOOP_ANALYSIS = YES;
				CLANG_WARN_STRICT_PROTOTYPES = YES;
				CLANG_WARN_SUSPICIOUS_MOVE = YES;
				CLANG_WARN_UNGUARDED_AVAILABILITY = YES_AGGRESSIVE;
				CLANG_WARN_UNREACHABLE_CODE = YES;
				CLANG_WARN__DUPLICATE_METHOD_MATCH = YES;
				COPY_PHASE_STRIP = NO;
				DEBUG_INFORMATION_FORMAT = "dwarf-with-dsym";
				ENABLE_NS_ASSERTIONS = NO;
				ENABLE_STRICT_OBJC_MSGSEND = YES;
				GCC_C_LANGUAGE_STANDARD = gnu11;
				GCC_NO_COMMON_BLOCKS = YES;
				GCC_WARN_64_TO_32_BIT_CONVERSION = YES;
				GCC_WARN_ABOUT_RETURN_TYPE = YES_ERROR;
				GCC_WARN_UNDECLARED_SELECTOR = YES;
				GCC_WARN_UNINITIALIZED_AUTOS = YES_AGGRESSIVE;
				GCC_WARN_UNUSED_FUNCTION = YES;
				GCC_WARN_UNUSED_VARIABLE = YES;
				MACOSX_DEPLOYMENT_TARGET = 13.3;
				MTL_ENABLE_DEBUG_INFO = NO;
				MTL_FAST_MATH = YES;
				SDKROOT = macosx;
				SWIFT_COMPILATION_MODE = wholemodule;
				SWIFT_OPTIMIZATION_LEVEL = "-O";
			};
			name = Release;
		};
		832905442A5FF0B500D3413C /* Debug */ = {
			isa = XCBuildConfiguration;
			buildSettings = {
				ASSETCATALOG_COMPILER_APPICON_NAME = AppIcon;
				ASSETCATALOG_COMPILER_GLOBAL_ACCENT_COLOR_NAME = AccentColor;
				CODE_SIGN_ENTITLEMENTS = "Dashboard People Counter/Dashboard_People_Counter.entitlements";
				CODE_SIGN_STYLE = Automatic;
				COMBINE_HIDPI_IMAGES = YES;
				CURRENT_PROJECT_VERSION = 1;
				DEVELOPMENT_ASSET_PATHS = "\"Dashboard People Counter/Preview Content\"";
				DEVELOPMENT_TEAM = 8B7DH7AN2U;
				ENABLE_HARDENED_RUNTIME = YES;
				ENABLE_PREVIEWS = YES;
				GENERATE_INFOPLIST_FILE = YES;
				INFOPLIST_KEY_LSApplicationCategoryType = "";
				INFOPLIST_KEY_NSHumanReadableCopyright = "";
				LD_RUNPATH_SEARCH_PATHS = (
					"$(inherited)",
					"@executable_path/../Frameworks",
				);
				MARKETING_VERSION = 1.0;
				PRODUCT_BUNDLE_IDENTIFIER = "com.exacode.Dashboard-People-Counter";
				PRODUCT_NAME = "$(TARGET_NAME)";
				SWIFT_EMIT_LOC_STRINGS = YES;
				SWIFT_VERSION = 5.0;
			};
			name = Debug;
		};
		832905452A5FF0B500D3413C /* Release */ = {
			isa = XCBuildConfiguration;
			buildSettings = {
				ASSETCATALOG_COMPILER_APPICON_NAME = AppIcon;
				ASSETCATALOG_COMPILER_GLOBAL_ACCENT_COLOR_NAME = AccentColor;
				CODE_SIGN_ENTITLEMENTS = "Dashboard People Counter/Dashboard_People_Counter.entitlements";
				CODE_SIGN_STYLE = Automatic;
				COMBINE_HIDPI_IMAGES = YES;
				CURRENT_PROJECT_VERSION = 1;
				DEVELOPMENT_ASSET_PATHS = "\"Dashboard People Counter/Preview Content\"";
				DEVELOPMENT_TEAM = 8B7DH7AN2U;
				ENABLE_HARDENED_RUNTIME = YES;
				ENABLE_PREVIEWS = YES;
				GENERATE_INFOPLIST_FILE = YES;
				INFOPLIST_KEY_LSApplicationCategoryType = "";
				INFOPLIST_KEY_NSHumanReadableCopyright = "";
				LD_RUNPATH_SEARCH_PATHS = (
					"$(inherited)",
					"@executable_path/../Frameworks",
				);
				MARKETING_VERSION = 1.0;
				PRODUCT_BUNDLE_IDENTIFIER = "com.exacode.Dashboard-People-Counter";
				PRODUCT_NAME = "$(TARGET_NAME)";
				SWIFT_EMIT_LOC_STRINGS = YES;
				SWIFT_VERSION = 5.0;
			};
			name = Release;
		};
/* End XCBuildConfiguration section */

/* Begin XCConfigurationList section */
		8329052F2A5FF0B300D3413C /* Build configuration list for PBXProject "Dashboard People Counter" */ = {
			isa = XCConfigurationList;
			buildConfigurations = (
				832905412A5FF0B500D3413C /* Debug */,
				832905422A5FF0B500D3413C /* Release */,
			);
			defaultConfigurationIsVisible = 0;
			defaultConfigurationName = Release;
		};
		832905432A5FF0B500D3413C /* Build configuration list for PBXNativeTarget "Dashboard People Counter" */ = {
			isa = XCConfigurationList;
			buildConfigurations = (
				832905442A5FF0B500D3413C /* Debug */,
				832905452A5FF0B500D3413C /* Release */,
			);
			defaultConfigurationIsVisible = 0;
			defaultConfigurationName = Release;
		};
/* End XCConfigurationList section */

/* Begin XCRemoteSwiftPackageReference section */
		832905482A5FF19C00D3413C /* XCRemoteSwiftPackageReference "firebase-ios-sdk" */ = {
			isa = XCRemoteSwiftPackageReference;
			repositoryURL = "https://github.com/firebase/firebase-ios-sdk";
			requirement = {
				kind = upToNextMajorVersion;
				minimumVersion = 10.0.0;
			};
		};
/* End XCRemoteSwiftPackageReference section */

/* Begin XCSwiftPackageProductDependency section */
		832905492A5FF19C00D3413C /* FirebaseDatabase */ = {
			isa = XCSwiftPackageProductDependency;
			package = 832905482A5FF19C00D3413C /* XCRemoteSwiftPackageReference "firebase-ios-sdk" */;
			productName = FirebaseDatabase;
		};
		8329054B2A5FF19C00D3413C /* FirebaseDatabaseSwift */ = {
			isa = XCSwiftPackageProductDependency;
			package = 832905482A5FF19C00D3413C /* XCRemoteSwiftPackageReference "firebase-ios-sdk" */;
			productName = FirebaseDatabaseSwift;
		};
/* End XCSwiftPackageProductDependency section */
	};
	rootObject = 8329052C2A5FF0B300D3413C /* Project object */;
}
